
Microsoft Visual Studio Solution File, Format Version 12.00
# Visual Studio Version 16
VisualStudioVersion = 16.0.30406.217
MinimumVisualStudioVersion = 10.0.40219.1
Project("{FAE04EC0-301F-11D3-BF4B-00C04F79EFBC}") = "Nhom9_RentingDisk_XDPM", "Nhom9_RentingDisk_XDPM\Nhom9_RentingDisk_XDPM.csproj", "{4A2C05DB-5220-4EB8-992B-B12DEFD8AA93}"
EndProject
Project("{FAE04EC0-301F-11D3-BF4B-00C04F79EFBC}") = "DataAccess", "DataAccess\DataAccess.csproj", "{459BCC4F-13ED-41AD-8122-5E2FC8E7CB95}"
EndProject
Project("{FAE04EC0-301F-11D3-BF4B-00C04F79EFBC}") = "Business", "Business\Business.csproj", "{D2B3F296-442A-42CE-8820-90BD107451A2}"
EndProject
Global
	GlobalSection(SolutionConfigurationPlatforms) = preSolution
		Debug|Any CPU = Debug|Any CPU
		Release|Any CPU = Release|Any CPU
	EndGlobalSection
	GlobalSection(ProjectConfigurationPlatforms) = postSolution
		{4A2C05DB-5220-4EB8-992B-B12DEFD8AA93}.Debug|Any CPU.ActiveCfg = Debug|Any CPU
		{4A2C05DB-5220-4EB8-992B-B12DEFD8AA93}.Debug|Any CPU.Build.0 = Debug|Any CPU
		{4A2C05DB-5220-4EB8-992B-B12DEFD8AA93}.Release|Any CPU.ActiveCfg = Release|Any CPU
		{4A2C05DB-5220-4EB8-992B-B12DEFD8AA93}.Release|Any CPU.Build.0 = Release|Any CPU
		{459BCC4F-13ED-41AD-8122-5E2FC8E7CB95}.Debug|Any CPU.ActiveCfg = Debug|Any CPU
		{459BCC4F-13ED-41AD-8122-5E2FC8E7CB95}.Debug|Any CPU.Build.0 = Debug|Any CPU
		{459BCC4F-13ED-41AD-8122-5E2FC8E7CB95}.Release|Any CPU.ActiveCfg = Release|Any CPU
		{459BCC4F-13ED-41AD-8122-5E2FC8E7CB95}.Release|Any CPU.Build.0 = Release|Any CPU
		{D2B3F296-442A-42CE-8820-90BD107451A2}.Debug|Any CPU.ActiveCfg = Debug|Any CPU
		{D2B3F296-442A-42CE-8820-90BD107451A2}.Debug|Any CPU.Build.0 = Debug|Any CPU
		{D2B3F296-442A-42CE-8820-90BD107451A2}.Release|Any CPU.ActiveCfg = Release|Any CPU
		{D2B3F296-442A-42CE-8820-90BD107451A2}.Release|Any CPU.Build.0 = Release|Any CPU
	EndGlobalSection
	GlobalSection(SolutionProperties) = preSolution
		HideSolutionNode = FALSE
	EndGlobalSection
	GlobalSection(ExtensibilityGlobals) = postSolution
		SolutionGuid = {41A18107-B573-44E5-9859-2F2F3141E213}
	EndGlobalSection
EndGlobal
